{
    "behat/behat": {
        "version": "v3.8.1"
    },
    "behat/gherkin": {
        "version": "v4.6.2"
    },
    "cocur/slugify": {
        "version": "v4.0.0"
    },
    "friends-of-behat/mink": {
        "version": "v1.8.0"
    },
    "friends-of-behat/mink-browserkit-driver": {
        "version": "v1.4.0"
    },
    "friends-of-behat/mink-extension": {
        "version": "v2.4.0"
    },
    "friends-of-behat/symfony-extension": {
        "version": "2.0",
        "recipe": {
            "repo": "github.com/symfony/recipes-contrib",
            "branch": "master",
            "version": "2.0",
            "ref": "3d21344765fd3440a85bdd27d4cada186ec628bd"
        },
        "files": [
            "behat.yml.dist",
            "config/services_test.yaml",
            "features/demo.feature",
            "tests/Behat/DemoContext.php"
        ]
    },
    "phpdocumentor/reflection-common": {
        "version": "2.2.0"
    },
    "phpdocumentor/reflection-docblock": {
        "version": "5.2.2"
    },
    "phpdocumentor/type-resolver": {
        "version": "1.4.0"
    },
    "symfony/http-client": {
        "version": "v5.1.8"
    },
    "symfony/property-access": {
        "version": "v5.1.8"
    },
    "symfony/property-info": {
        "version": "v5.1.8"
    },
    "symfony/proxy-manager-bridge": {
        "version": "v5.1.8"
    },
    "symfony/serializer": {
        "version": "v5.1.8"
    },
    "symfony/serializer-pack": {
        "version": "v1.0.4"
    },
    "symfony/translation": {
        "version": "3.3",
        "recipe": {
            "repo": "github.com/symfony/recipes",
            "branch": "master",
            "version": "3.3",
            "ref": "2ad9d2545bce8ca1a863e50e92141f0b9d87ffcd"
        },
        "files": [
            "config/packages/translation.yaml",
            "translations/.gitignore"
        ]
    },
    "symfony/translation-contracts": {
        "version": "v2.3.0"
    },
    "webmozart/assert": {
        "version": "1.9.1"
    }
}
